// !$*UTF8*$!
{
	archiveVersion = 1;
	classes = {
	};
	objectVersion = 46;
	objects = {

/* Begin PBXBuildFile section */
		793FD81B1B41A93600AE01BB /* AppDelegate.swift in Sources */ = {isa = PBXBuildFile; fileRef = 793FD81A1B41A93600AE01BB /* AppDelegate.swift */; };
		793FD8201B41A93600AE01BB /* Main.storyboard in Resources */ = {isa = PBXBuildFile; fileRef = 793FD81E1B41A93600AE01BB /* Main.storyboard */; };
		793FD8221B41A93600AE01BB /* Images.xcassets in Resources */ = {isa = PBXBuildFile; fileRef = 793FD8211B41A93600AE01BB /* Images.xcassets */; };
		793FD8251B41A93600AE01BB /* LaunchScreen.xib in Resources */ = {isa = PBXBuildFile; fileRef = 793FD8231B41A93600AE01BB /* LaunchScreen.xib */; };
		793FD8311B41A93600AE01BB /* BookShowreelAppTests.swift in Sources */ = {isa = PBXBuildFile; fileRef = 793FD8301B41A93600AE01BB /* BookShowreelAppTests.swift */; };
		793FD83B1B41A9AB00AE01BB /* APIController.swift in Sources */ = {isa = PBXBuildFile; fileRef = 793FD83A1B41A9AB00AE01BB /* APIController.swift */; };
		793FD83D1B41AAC200AE01BB /* Book.swift in Sources */ = {isa = PBXBuildFile; fileRef = 793FD83C1B41AAC200AE01BB /* Book.swift */; };
		793FD8411B41ABEB00AE01BB /* DetailsViewController.swift in Sources */ = {isa = PBXBuildFile; fileRef = 793FD8401B41ABEB00AE01BB /* DetailsViewController.swift */; };
		793FD8431B41ACB000AE01BB /* BookCell.swift in Sources */ = {isa = PBXBuildFile; fileRef = 793FD8421B41ACB000AE01BB /* BookCell.swift */; };
		793FD8451B41B1CD00AE01BB /* SearchResultsViewController.swift in Sources */ = {isa = PBXBuildFile; fileRef = 793FD8441B41B1CD00AE01BB /* SearchResultsViewController.swift */; };
/* End PBXBuildFile section */

/* Begin PBXContainerItemProxy section */
		793FD82B1B41A93600AE01BB /* PBXContainerItemProxy */ = {
			isa = PBXContainerItemProxy;
			containerPortal = 793FD80D1B41A93600AE01BB /* Project object */;
			proxyType = 1;
			remoteGlobalIDString = 793FD8141B41A93600AE01BB;
			remoteInfo = BookShowreelApp;
		};
/* End PBXContainerItemProxy section */

/* Begin PBXFileReference section */
		793FD8151B41A93600AE01BB /* BookShowreelApp.app */ = {isa = PBXFileReference; explicitFileType = wrapper.application; includeInIndex = 0; path = BookShowreelApp.app; sourceTree = BUILT_PRODUCTS_DIR; };
		793FD8191B41A93600AE01BB /* Info.plist */ = {isa = PBXFileReference; lastKnownFileType = text.plist.xml; path = Info.plist; sourceTree = "<group>"; };
		793FD81A1B41A93600AE01BB /* AppDelegate.swift */ = {isa = PBXFileReference; lastKnownFileType = sourcecode.swift; path = AppDelegate.swift; sourceTree = "<group>"; };
		793FD81F1B41A93600AE01BB /* Base */ = {isa = PBXFileReference; lastKnownFileType = file.storyboard; name = Base; path = Base.lproj/Main.storyboard; sourceTree = "<group>"; };
		793FD8211B41A93600AE01BB /* Images.xcassets */ = {isa = PBXFileReference; lastKnownFileType = folder.assetcatalog; path = Images.xcassets; sourceTree = "<group>"; };
		793FD8241B41A93600AE01BB /* Base */ = {isa = PBXFileReference; lastKnownFileType = file.xib; name = Base; path = Base.lproj/LaunchScreen.xib; sourceTree = "<group>"; };
		793FD82A1B41A93600AE01BB /* BookShowreelAppTests.xctest */ = {isa = PBXFileReference; explicitFileType = wrapper.cfbundle; includeInIndex = 0; path = BookShowreelAppTests.xctest; sourceTree = BUILT_PRODUCTS_DIR; };
		793FD82F1B41A93600AE01BB /* Info.plist */ = {isa = PBXFileReference; lastKnownFileType = text.plist.xml; path = Info.plist; sourceTree = "<group>"; };
		793FD8301B41A93600AE01BB /* BookShowreelAppTests.swift */ = {isa = PBXFileReference; lastKnownFileType = sourcecode.swift; path = BookShowreelAppTests.swift; sourceTree = "<group>"; };
		793FD83A1B41A9AB00AE01BB /* APIController.swift */ = {isa = PBXFileReference; fileEncoding = 4; lastKnownFileType = sourcecode.swift; path = APIController.swift; sourceTree = "<group>"; };
		793FD83C1B41AAC200AE01BB /* Book.swift */ = {isa = PBXFileReference; fileEncoding = 4; lastKnownFileType = sourcecode.swift; path = Book.swift; sourceTree = "<group>"; };
		793FD8401B41ABEB00AE01BB /* DetailsViewController.swift */ = {isa = PBXFileReference; fileEncoding = 4; lastKnownFileType = sourcecode.swift; path = DetailsViewController.swift; sourceTree = "<group>"; };
		793FD8421B41ACB000AE01BB /* BookCell.swift */ = {isa = PBXFileReference; fileEncoding = 4; lastKnownFileType = sourcecode.swift; path = BookCell.swift; sourceTree = "<group>"; };
		793FD8441B41B1CD00AE01BB /* SearchResultsViewController.swift */ = {isa = PBXFileReference; fileEncoding = 4; lastKnownFileType = sourcecode.swift; path = SearchResultsViewController.swift; sourceTree = "<group>"; };
/* End PBXFileReference section */

/* Begin PBXFrameworksBuildPhase section */
		793FD8121B41A93600AE01BB /* Frameworks */ = {
			isa = PBXFrameworksBuildPhase;
			buildActionMask = 2147483647;
			files = (
			);
			runOnlyForDeploymentPostprocessing = 0;
		};
		793FD8271B41A93600AE01BB /* Frameworks */ = {
			isa = PBXFrameworksBuildPhase;
			buildActionMask = 2147483647;
			files = (
			);
			runOnlyForDeploymentPostprocessing = 0;
		};
/* End PBXFrameworksBuildPhase section */

/* Begin PBXGroup section */
		793FD80C1B41A93600AE01BB = {
			isa = PBXGroup;
			children = (
				793FD8171B41A93600AE01BB /* BookShowreelApp */,
				793FD82D1B41A93600AE01BB /* BookShowreelAppTests */,
				793FD8161B41A93600AE01BB /* Products */,
			);
			sourceTree = "<group>";
		};
		793FD8161B41A93600AE01BB /* Products */ = {
			isa = PBXGroup;
			children = (
				793FD8151B41A93600AE01BB /* BookShowreelApp.app */,
				793FD82A1B41A93600AE01BB /* BookShowreelAppTests.xctest */,
			);
			name = Products;
			sourceTree = "<group>";
		};
		793FD8171B41A93600AE01BB /* BookShowreelApp */ = {
			isa = PBXGroup;
			children = (
				793FD83A1B41A9AB00AE01BB /* APIController.swift */,
				793FD8441B41B1CD00AE01BB /* SearchResultsViewController.swift */,
				793FD8401B41ABEB00AE01BB /* DetailsViewController.swift */,
				793FD83C1B41AAC200AE01BB /* Book.swift */,
				793FD81A1B41A93600AE01BB /* AppDelegate.swift */,
				793FD81E1B41A93600AE01BB /* Main.storyboard */,
				793FD8421B41ACB000AE01BB /* BookCell.swift */,
				793FD8211B41A93600AE01BB /* Images.xcassets */,
				793FD8231B41A93600AE01BB /* LaunchScreen.xib */,
				793FD8181B41A93600AE01BB /* Supporting Files */,
			);
			path = BookShowreelApp;
			sourceTree = "<group>";
		};
		793FD8181B41A93600AE01BB /* Supporting Files */ = {
			isa = PBXGroup;
			children = (
				793FD8191B41A93600AE01BB /* Info.plist */,
			);
			name = "Supporting Files";
			sourceTree = "<group>";
		};
		793FD82D1B41A93600AE01BB /* BookShowreelAppTests */ = {
			isa = PBXGroup;
			children = (
				793FD8301B41A93600AE01BB /* BookShowreelAppTests.swift */,
				793FD82E1B41A93600AE01BB /* Supporting Files */,
			);
			path = BookShowreelAppTests;
			sourceTree = "<group>";
		};
		793FD82E1B41A93600AE01BB /* Supporting Files */ = {
			isa = PBXGroup;
			children = (
				793FD82F1B41A93600AE01BB /* Info.plist */,
			);
			name = "Supporting Files";
			sourceTree = "<group>";
		};
/* End PBXGroup section */

/* Begin PBXNativeTarget section */
		793FD8141B41A93600AE01BB /* BookShowreelApp */ = {
			isa = PBXNativeTarget;
			buildConfigurationList = 793FD8341B41A93600AE01BB /* Build configuration list for PBXNativeTarget "BookShowreelApp" */;
			buildPhases = (
				793FD8111B41A93600AE01BB /* Sources */,
				793FD8121B41A93600AE01BB /* Frameworks */,
				793FD8131B41A93600AE01BB /* Resources */,
			);
			buildRules = (
			);
			dependencies = (
			);
			name = BookShowreelApp;
			productName = BookShowreelApp;
			productReference = 793FD8151B41A93600AE01BB /* BookShowreelApp.app */;
			productType = "com.apple.product-type.application";
		};
		793FD8291B41A93600AE01BB /* BookShowreelAppTests */ = {
			isa = PBXNativeTarget;
			buildConfigurationList = 793FD8371B41A93600AE01BB /* Build configuration list for PBXNativeTarget "BookShowreelAppTests" */;
			buildPhases = (
				793FD8261B41A93600AE01BB /* Sources */,
				793FD8271B41A93600AE01BB /* Frameworks */,
				793FD8281B41A93600AE01BB /* Resources */,
			);
			buildRules = (
			);
			dependencies = (
				793FD82C1B41A93600AE01BB /* PBXTargetDependency */,
			);
			name = BookShowreelAppTests;
			productName = BookShowreelAppTests;
			productReference = 793FD82A1B41A93600AE01BB /* BookShowreelAppTests.xctest */;
			productType = "com.apple.product-type.bundle.unit-test";
		};
/* End PBXNativeTarget section */

/* Begin PBXProject section */
		793FD80D1B41A93600AE01BB /* Project object */ = {
			isa = PBXProject;
			attributes = {
				LastUpgradeCheck = 0630;
				ORGANIZATIONNAME = eug;
				TargetAttributes = {
					793FD8141B41A93600AE01BB = {
						CreatedOnToolsVersion = 6.3.2;
					};
					793FD8291B41A93600AE01BB = {
						CreatedOnToolsVersion = 6.3.2;
						TestTargetID = 793FD8141B41A93600AE01BB;
					};
				};
			};
			buildConfigurationList = 793FD8101B41A93600AE01BB /* Build configuration list for PBXProject "BookShowreelApp" */;
			compatibilityVersion = "Xcode 3.2";
			developmentRegion = English;
			hasScannedForEncodings = 0;
			knownRegions = (
				en,
				Base,
			);
			mainGroup = 793FD80C1B41A93600AE01BB;
			productRefGroup = 793FD8161B41A93600AE01BB /* Products */;
			projectDirPath = "";
			projectRoot = "";
			targets = (
				793FD8141B41A93600AE01BB /* BookShowreelApp */,
				793FD8291B41A93600AE01BB /* BookShowreelAppTests */,
			);
		};
/* End PBXProject section */

/* Begin PBXResourcesBuildPhase section */
		793FD8131B41A93600AE01BB /* Resources */ = {
			isa = PBXResourcesBuildPhase;
			buildActionMask = 2147483647;
			files = (
				793FD8201B41A93600AE01BB /* Main.storyboard in Resources */,
				793FD8251B41A93600AE01BB /* LaunchScreen.xib in Resources */,
				793FD8221B41A93600AE01BB /* Images.xcassets in Resources */,
			);
			runOnlyForDeploymentPostprocessing = 0;
		};
		793FD8281B41A93600AE01BB /* Resources */ = {
			isa = PBXResourcesBuildPhase;
			buildActionMask = 2147483647;
			files = (
			);
			runOnlyForDeploymentPostprocessing = 0;
		};
/* End PBXResourcesBuildPhase section */

/* Begin PBXSourcesBuildPhase section */
		793FD8111B41A93600AE01BB /* Sources */ = {
			isa = PBXSourcesBuildPhase;
			buildActionMask = 2147483647;
			files = (
				793FD8431B41ACB000AE01BB /* BookCell.swift in Sources */,
				793FD8451B41B1CD00AE01BB /* SearchResultsViewController.swift in Sources */,
				793FD83D1B41AAC200AE01BB /* Book.swift in Sources */,
				793FD81B1B41A93600AE01BB /* AppDelegate.swift in Sources */,
				793FD83B1B41A9AB00AE01BB /* APIController.swift in Sources */,
				793FD8411B41ABEB00AE01BB /* DetailsViewController.swift in Sources */,
			);
			runOnlyForDeploymentPostprocessing = 0;
		};
		793FD8261B41A93600AE01BB /* Sources */ = {
			isa = PBXSourcesBuildPhase;
			buildActionMask = 2147483647;
			files = (
				793FD8311B41A93600AE01BB /* BookShowreelAppTests.swift in Sources */,
			);
			runOnlyForDeploymentPostprocessing = 0;
		};
/* End PBXSourcesBuildPhase section */

/* Begin PBXTargetDependency section */
		793FD82C1B41A93600AE01BB /* PBXTargetDependency */ = {
			isa = PBXTargetDependency;
			target = 793FD8141B41A93600AE01BB /* BookShowreelApp */;
			targetProxy = 793FD82B1B41A93600AE01BB /* PBXContainerItemProxy */;
		};
/* End PBXTargetDependency section */

/* Begin PBXVariantGroup section */
		793FD81E1B41A93600AE01BB /* Main.storyboard */ = {
			isa = PBXVariantGroup;
			children = (
				793FD81F1B41A93600AE01BB /* Base */,
			);
			name = Main.storyboard;
			sourceTree = "<group>";
		};
		793FD8231B41A93600AE01BB /* LaunchScreen.xib */ = {
			isa = PBXVariantGroup;
			children = (
				793FD8241B41A93600AE01BB /* Base */,
			);
			name = LaunchScreen.xib;
			sourceTree = "<group>";
		};
/* End PBXVariantGroup section */

/* Begin XCBuildConfiguration section */
		793FD8321B41A93600AE01BB /* Debug */ = {
			isa = XCBuildConfiguration;
			buildSettings = {
				ALWAYS_SEARCH_USER_PATHS = NO;
				CLANG_CXX_LANGUAGE_STANDARD = "gnu++0x";
				CLANG_CXX_LIBRARY = "libc++";
				CLANG_ENABLE_MODULES = YES;
				CLANG_ENABLE_OBJC_ARC = YES;
				CLANG_WARN_BOOL_CONVERSION = YES;
				CLANG_WARN_CONSTANT_CONVERSION = YES;
				CLANG_WARN_DIRECT_OBJC_ISA_USAGE = YES_ERROR;
				CLANG_WARN_EMPTY_BODY = YES;
				CLANG_WARN_ENUM_CONVERSION = YES;
				CLANG_WARN_INT_CONVERSION = YES;
				CLANG_WARN_OBJC_ROOT_CLASS = YES_ERROR;
				CLANG_WARN_UNREACHABLE_CODE = YES;
				CLANG_WARN__DUPLICATE_METHOD_MATCH = YES;
				"CODE_SIGN_IDENTITY[sdk=iphoneos*]" = "iPhone Developer";
				COPY_PHASE_STRIP = NO;
				DEBUG_INFORMATION_FORMAT = "dwarf-with-dsym";
				ENABLE_STRICT_OBJC_MSGSEND = YES;
				GCC_C_LANGUAGE_STANDARD = gnu99;
				GCC_DYNAMIC_NO_PIC = NO;
				GCC_NO_COMMON_BLOCKS = YES;
				GCC_OPTIMIZATION_LEVEL = 0;
				GCC_PREPROCESSOR_DEFINITIONS = (
					"DEBUG=1",
					"$(inherited)",
				);
				GCC_SYMBOLS_PRIVATE_EXTERN = NO;
				GCC_WARN_64_TO_32_BIT_CONVERSION = YES;
				GCC_WARN_ABOUT_RETURN_TYPE = YES_ERROR;
				GCC_WARN_UNDECLARED_SELECTOR = YES;
				GCC_WARN_UNINITIALIZED_AUTOS = YES_AGGRESSIVE;
				GCC_WARN_UNUSED_FUNCTION = YES;
				GCC_WARN_UNUSED_VARIABLE = YES;
				IPHONEOS_DEPLOYMENT_TARGET = 8.3;
				MTL_ENABLE_DEBUG_INFO = YES;
				ONLY_ACTIVE_ARCH = YES;
				SDKROOT = iphoneos;
				SWIFT_OPTIMIZATION_LEVEL = "-Onone";
			};
			name = Debug;
		};
		793FD8331B41A93600AE01BB /* Release */ = {
			isa = XCBuildConfiguration;
			buildSettings = {
				ALWAYS_SEARCH_USER_PATHS = NO;
				CLANG_CXX_LANGUAGE_STANDARD = "gnu++0x";
				CLANG_CXX_LIBRARY = "libc++";
				CLANG_ENABLE_MODULES = YES;
				CLANG_ENABLE_OBJC_ARC = YES;
				CLANG_WARN_BOOL_CONVERSION = YES;
				CLANG_WARN_CONSTANT_CONVERSION = YES;
				CLANG_WARN_DIRECT_OBJC_ISA_USAGE = YES_ERROR;
				CLANG_WARN_EMPTY_BODY = YES;
				CLANG_WARN_ENUM_CONVERSION = YES;
				CLANG_WARN_INT_CONVERSION = YES;
				CLANG_WARN_OBJC_ROOT_CLASS = YES_ERROR;
				CLANG_WARN_UNREACHABLE_CODE = YES;
				CLANG_WARN__DUPLICATE_METHOD_MATCH = YES;
				"CODE_SIGN_IDENTITY[sdk=iphoneos*]" = "iPhone Developer";
				COPY_PHASE_STRIP = NO;
				DEBUG_INFORMATION_FORMAT = "dwarf-with-dsym";
				ENABLE_NS_ASSERTIONS = NO;
				ENABLE_STRICT_OBJC_MSGSEND = YES;
				GCC_C_LANGUAGE_STANDARD = gnu99;
				GCC_NO_COMMON_BLOCKS = YES;
				GCC_WARN_64_TO_32_BIT_CONVERSION = YES;
				GCC_WARN_ABOUT_RETURN_TYPE = YES_ERROR;
				GCC_WARN_UNDECLARED_SELECTOR = YES;
				GCC_WARN_UNINITIALIZED_AUTOS = YES_AGGRESSIVE;
				GCC_WARN_UNUSED_FUNCTION = YES;
				GCC_WARN_UNUSED_VARIABLE = YES;
				IPHONEOS_DEPLOYMENT_TARGET = 8.3;
				MTL_ENABLE_DEBUG_INFO = NO;
				SDKROOT = iphoneos;
				VALIDATE_PRODUCT = YES;
			};
			name = Release;
		};
		793FD8351B41A93600AE01BB /* Debug */ = {
			isa = XCBuildConfiguration;
			buildSettings = {
				ASSETCATALOG_COMPILER_APPICON_NAME = AppIcon;
				INFOPLIST_FILE = BookShowreelApp/Info.plist;
				LD_RUNPATH_SEARCH_PATHS = "$(inherited) @executable_path/Frameworks";
				PRODUCT_NAME = "$(TARGET_NAME)";
			};
			name = Debug;
		};
		793FD8361B41A93600AE01BB /* Release */ = {
			isa = XCBuildConfiguration;
			buildSettings = {
				ASSETCATALOG_COMPILER_APPICON_NAME = AppIcon;
				INFOPLIST_FILE = BookShowreelApp/Info.plist;
				LD_RUNPATH_SEARCH_PATHS = "$(inherited) @executable_path/Frameworks";
				PRODUCT_NAME = "$(TARGET_NAME)";
			};
			name = Release;
		};
		793FD8381B41A93600AE01BB /* Debug */ = {
			isa = XCBuildConfiguration;
			buildSettings = {
				BUNDLE_LOADER = "$(TEST_HOST)";
				FRAMEWORK_SEARCH_PATHS = (
					"$(SDKROOT)/Developer/Library/Frameworks",
					"$(inherited)",
				);
				GCC_PREPROCESSOR_DEFINITIONS = (
					"DEBUG=1",
					"$(inherited)",
				);
				INFOPLIST_FILE = BookShowreelAppTests/Info.plist;
				LD_RUNPATH_SEARCH_PATHS = "$(inherited) @executable_path/Frameworks @loader_path/Frameworks";
				PRODUCT_NAME = "$(TARGET_NAME)";
				TEST_HOST = "$(BUILT_PRODUCTS_DIR)/BookShowreelApp.app/BookShowreelApp";
			};
			name = Debug;
		};
		793FD8391B41A93600AE01BB /* Release */ = {
			isa = XCBuildConfiguration;
			buildSettings = {
				BUNDLE_LOADER = "$(TEST_HOST)";
				FRAMEWORK_SEARCH_PATHS = (
					"$(SDKROOT)/Developer/Library/Frameworks",
					"$(inherited)",
				);
				INFOPLIST_FILE = BookShowreelAppTests/Info.plist;
				LD_RUNPATH_SEARCH_PATHS = "$(inherited) @executable_path/Frameworks @loader_path/Frameworks";
				PRODUCT_NAME = "$(TARGET_NAME)";
				TEST_HOST = "$(BUILT_PRODUCTS_DIR)/BookShowreelApp.app/BookShowreelApp";
			};
			name = Release;
		};
/* End XCBuildConfiguration section */

/* Begin XCConfigurationList section */
		793FD8101B41A93600AE01BB /* Build configuration list for PBXProject "BookShowreelApp" */ = {
			isa = XCConfigurationList;
			buildConfigurations = (
				793FD8321B41A93600AE01BB /* Debug */,
				793FD8331B41A93600AE01BB /* Release */,
			);
			defaultConfigurationIsVisible = 0;
			defaultConfigurationName = Release;
		};
		793FD8341B41A93600AE01BB /* Build configuration list for PBXNativeTarget "BookShowreelApp" */ = {
			isa = XCConfigurationList;
			buildConfigurations = (
				793FD8351B41A93600AE01BB /* Debug */,
				793FD8361B41A93600AE01BB /* Release */,
			);
			defaultConfigurationIsVisible = 0;
			defaultConfigurationName = Release;
		};
		793FD8371B41A93600AE01BB /* Build configuration list for PBXNativeTarget "BookShowreelAppTests" */ = {
			isa = XCConfigurationList;
			buildConfigurations = (
				793FD8381B41A93600AE01BB /* Debug */,
				793FD8391B41A93600AE01BB /* Release */,
			);
			defaultConfigurationIsVisible = 0;
			defaultConfigurationName = Release;
		};
/* End XCConfigurationList section */
	};
	rootObject = 793FD80D1B41A93600AE01BB /* Project object */;
}
